// !$*UTF8*$!
{
	archiveVersion = 1;
	classes = {
	};
	objectVersion = 51;
	objects = {

/* Begin PBXBuildFile section */
		459FDC670915E7620B381851 /* Pods_MarvelAPI.framework in Frameworks */ = {isa = PBXBuildFile; fileRef = 61A5A4FE537C68238329C45A /* Pods_MarvelAPI.framework */; };
		6DB8CB542685E3790084DC78 /* AppDelegate.swift in Sources */ = {isa = PBXBuildFile; fileRef = 6DB8CB532685E3790084DC78 /* AppDelegate.swift */; };
		6DB8CB562685E3790084DC78 /* SceneDelegate.swift in Sources */ = {isa = PBXBuildFile; fileRef = 6DB8CB552685E3790084DC78 /* SceneDelegate.swift */; };
		6DB8CB582685E3790084DC78 /* ViewController.swift in Sources */ = {isa = PBXBuildFile; fileRef = 6DB8CB572685E3790084DC78 /* ViewController.swift */; };
		6DB8CB5D2685E37C0084DC78 /* Assets.xcassets in Resources */ = {isa = PBXBuildFile; fileRef = 6DB8CB5C2685E37C0084DC78 /* Assets.xcassets */; };
		6DB8CB602685E37C0084DC78 /* LaunchScreen.storyboard in Resources */ = {isa = PBXBuildFile; fileRef = 6DB8CB5E2685E37C0084DC78 /* LaunchScreen.storyboard */; };
		6DB8CB762685E37D0084DC78 /* MarvelAPIUITests.swift in Sources */ = {isa = PBXBuildFile; fileRef = 6DB8CB752685E37D0084DC78 /* MarvelAPIUITests.swift */; };
		6DB8CB972685E6F20084DC78 /* CharacterListInteractor.swift in Sources */ = {isa = PBXBuildFile; fileRef = 6DB8CB912685E6F20084DC78 /* CharacterListInteractor.swift */; };
		6DB8CB982685E6F20084DC78 /* CharacterListModels.swift in Sources */ = {isa = PBXBuildFile; fileRef = 6DB8CB922685E6F20084DC78 /* CharacterListModels.swift */; };
		6DB8CB992685E6F20084DC78 /* CharacterListView.swift in Sources */ = {isa = PBXBuildFile; fileRef = 6DB8CB932685E6F20084DC78 /* CharacterListView.swift */; };
		6DB8CB9A2685E6F20084DC78 /* CharacterListViewController.swift in Sources */ = {isa = PBXBuildFile; fileRef = 6DB8CB942685E6F20084DC78 /* CharacterListViewController.swift */; };
		6DB8CB9B2685E6F20084DC78 /* CharacterListRouter.swift in Sources */ = {isa = PBXBuildFile; fileRef = 6DB8CB952685E6F20084DC78 /* CharacterListRouter.swift */; };
		6DB8CB9C2685E6F20084DC78 /* CharacterListPresenter.swift in Sources */ = {isa = PBXBuildFile; fileRef = 6DB8CB962685E6F20084DC78 /* CharacterListPresenter.swift */; };
		6DB8CB9F2685EE2B0084DC78 /* Localizable.strings in Resources */ = {isa = PBXBuildFile; fileRef = 6DB8CB9E2685EE2B0084DC78 /* Localizable.strings */; };
		6DB8CBA42685F28D0084DC78 /* String.swift in Sources */ = {isa = PBXBuildFile; fileRef = 6DB8CBA22685F28D0084DC78 /* String.swift */; };
		6DB8CBA52685F28D0084DC78 /* Images.swift in Sources */ = {isa = PBXBuildFile; fileRef = 6DB8CBA32685F28D0084DC78 /* Images.swift */; };
		6DB8CBA72685FA880084DC78 /* CharacterListConfigurator.swift in Sources */ = {isa = PBXBuildFile; fileRef = 6DB8CBA62685FA880084DC78 /* CharacterListConfigurator.swift */; };
		6DB8CBAA2685FD390084DC78 /* CharacterListTableViewCell.swift in Sources */ = {isa = PBXBuildFile; fileRef = 6DB8CBA92685FD390084DC78 /* CharacterListTableViewCell.swift */; };
		6DB8CBAD268600880084DC78 /* UITableViewCell+Extension.swift in Sources */ = {isa = PBXBuildFile; fileRef = 6DB8CBAC268600880084DC78 /* UITableViewCell+Extension.swift */; };
		6DB8CBB2268608890084DC78 /* ServiceConstants.swift in Sources */ = {isa = PBXBuildFile; fileRef = 6DB8CBB1268608890084DC78 /* ServiceConstants.swift */; };
		6DB8CBB526860A640084DC78 /* Request.swift in Sources */ = {isa = PBXBuildFile; fileRef = 6DB8CBB426860A640084DC78 /* Request.swift */; };
		6DB8CBB7268611470084DC78 /* MarvelRequest.swift in Sources */ = {isa = PBXBuildFile; fileRef = 6DB8CBB6268611470084DC78 /* MarvelRequest.swift */; };
		6DB8CBB9268618830084DC78 /* String+Extension.swift in Sources */ = {isa = PBXBuildFile; fileRef = 6DB8CBB8268618830084DC78 /* String+Extension.swift */; };
		6DB8CBBB2686190E0084DC78 /* Date+Extension.swift in Sources */ = {isa = PBXBuildFile; fileRef = 6DB8CBBA2686190E0084DC78 /* Date+Extension.swift */; };
		6DB8CBBD268619D00084DC78 /* Service.swift in Sources */ = {isa = PBXBuildFile; fileRef = 6DB8CBBC268619D00084DC78 /* Service.swift */; };
		6DB8CBBF26861D170084DC78 /* CharacterListWorker.swift in Sources */ = {isa = PBXBuildFile; fileRef = 6DB8CBBE26861D160084DC78 /* CharacterListWorker.swift */; };
		6DB8CBC2268621C10084DC78 /* MarvelCharacter.swift in Sources */ = {isa = PBXBuildFile; fileRef = 6DB8CBC1268621C10084DC78 /* MarvelCharacter.swift */; };
		6DDF546D268674B000FC4DB1 /* LoadingView.swift in Sources */ = {isa = PBXBuildFile; fileRef = 6DDF546C268674B000FC4DB1 /* LoadingView.swift */; };
		6DDF546F2686792D00FC4DB1 /* CharacterListDataStore.swift in Sources */ = {isa = PBXBuildFile; fileRef = 6DDF546E2686792D00FC4DB1 /* CharacterListDataStore.swift */; };
		6DDF547226867AC700FC4DB1 /* CharacterDetailView.swift in Sources */ = {isa = PBXBuildFile; fileRef = 6DDF547126867AC700FC4DB1 /* CharacterDetailView.swift */; };
		6DDF547426867AD300FC4DB1 /* CharacterDetailViewController.swift in Sources */ = {isa = PBXBuildFile; fileRef = 6DDF547326867AD300FC4DB1 /* CharacterDetailViewController.swift */; };
		6DDF547626867AE500FC4DB1 /* CharacterDetailInteractor.swift in Sources */ = {isa = PBXBuildFile; fileRef = 6DDF547526867AE500FC4DB1 /* CharacterDetailInteractor.swift */; };
		6DDF547826867AF100FC4DB1 /* CharacterDetailPresenter.swift in Sources */ = {isa = PBXBuildFile; fileRef = 6DDF547726867AF100FC4DB1 /* CharacterDetailPresenter.swift */; };
		6DDF547A26867B0400FC4DB1 /* CharacterDetailRouter.swift in Sources */ = {isa = PBXBuildFile; fileRef = 6DDF547926867B0400FC4DB1 /* CharacterDetailRouter.swift */; };
		6DDF547C26867B1800FC4DB1 /* CharacterDetailModels.swift in Sources */ = {isa = PBXBuildFile; fileRef = 6DDF547B26867B1800FC4DB1 /* CharacterDetailModels.swift */; };
		6DDF547E26867B2600FC4DB1 /* CharacterDetailConfigurator.swift in Sources */ = {isa = PBXBuildFile; fileRef = 6DDF547D26867B2600FC4DB1 /* CharacterDetailConfigurator.swift */; };
		6DDF548026867C7C00FC4DB1 /* CharacterDetailDataStore.swift in Sources */ = {isa = PBXBuildFile; fileRef = 6DDF547F26867C7C00FC4DB1 /* CharacterDetailDataStore.swift */; };
		6DDF5482268688F100FC4DB1 /* CharacterDetailWorker.swift in Sources */ = {isa = PBXBuildFile; fileRef = 6DDF5481268688F100FC4DB1 /* CharacterDetailWorker.swift */; };
		6DDF548426868C4B00FC4DB1 /* MarvelComic.swift in Sources */ = {isa = PBXBuildFile; fileRef = 6DDF548326868C4B00FC4DB1 /* MarvelComic.swift */; };
		6DDF548726878BB600FC4DB1 /* ComicDetailView.swift in Sources */ = {isa = PBXBuildFile; fileRef = 6DDF548626878BB600FC4DB1 /* ComicDetailView.swift */; };
		6DDF548926878BC200FC4DB1 /* ComicDetailViewController.swift in Sources */ = {isa = PBXBuildFile; fileRef = 6DDF548826878BC200FC4DB1 /* ComicDetailViewController.swift */; };
		6DDF548B26878BCE00FC4DB1 /* ComicDetailInteractor.swift in Sources */ = {isa = PBXBuildFile; fileRef = 6DDF548A26878BCE00FC4DB1 /* ComicDetailInteractor.swift */; };
		6DDF548D26878BD500FC4DB1 /* ComicDetailPresenter.swift in Sources */ = {isa = PBXBuildFile; fileRef = 6DDF548C26878BD500FC4DB1 /* ComicDetailPresenter.swift */; };
		6DDF548F26878BDF00FC4DB1 /* ComicDetailDataStore.swift in Sources */ = {isa = PBXBuildFile; fileRef = 6DDF548E26878BDF00FC4DB1 /* ComicDetailDataStore.swift */; };
		6DDF549126878BEF00FC4DB1 /* ComicDetailModels.swift in Sources */ = {isa = PBXBuildFile; fileRef = 6DDF549026878BEF00FC4DB1 /* ComicDetailModels.swift */; };
		6DDF549326878BF700FC4DB1 /* ComicDetailConfigurator.swift in Sources */ = {isa = PBXBuildFile; fileRef = 6DDF549226878BF700FC4DB1 /* ComicDetailConfigurator.swift */; };
		6DDF5499268796A300FC4DB1 /* CharacterListViewControllerTests.swift in Sources */ = {isa = PBXBuildFile; fileRef = 6DDF5498268796A300FC4DB1 /* CharacterListViewControllerTests.swift */; };
		6DDF549B2687970C00FC4DB1 /* CharacterListDoubles.swift in Sources */ = {isa = PBXBuildFile; fileRef = 6DDF549A2687970C00FC4DB1 /* CharacterListDoubles.swift */; };
		6DDF549F2687A2BD00FC4DB1 /* CharacterListInteractorTests.swift in Sources */ = {isa = PBXBuildFile; fileRef = 6DDF549E2687A2BD00FC4DB1 /* CharacterListInteractorTests.swift */; };
		6DDF54A12687A4D900FC4DB1 /* CharacterListPresenterTests.swift in Sources */ = {isa = PBXBuildFile; fileRef = 6DDF54A02687A4D900FC4DB1 /* CharacterListPresenterTests.swift */; };
		6DDF54A32687A67E00FC4DB1 /* CharacterListRouterTests.swift in Sources */ = {isa = PBXBuildFile; fileRef = 6DDF54A22687A67E00FC4DB1 /* CharacterListRouterTests.swift */; };
		6DDF54A52687A68E00FC4DB1 /* ViewControllerSpy.swift in Sources */ = {isa = PBXBuildFile; fileRef = 6DDF54A42687A68E00FC4DB1 /* ViewControllerSpy.swift */; };
		6DDF54A82687A93300FC4DB1 /* ServiceStub.swift in Sources */ = {isa = PBXBuildFile; fileRef = 6DDF54A72687A93300FC4DB1 /* ServiceStub.swift */; };
		6DDF54AA2687AA9E00FC4DB1 /* CharacterListWorkerTests.swift in Sources */ = {isa = PBXBuildFile; fileRef = 6DDF54A92687AA9E00FC4DB1 /* CharacterListWorkerTests.swift */; };
		6DDF54AC2687ACC400FC4DB1 /* Mirror+Extension.swift in Sources */ = {isa = PBXBuildFile; fileRef = 6DDF54AB2687ACC400FC4DB1 /* Mirror+Extension.swift */; };
		DDC1888F62B1F2442188BF13 /* Pods_MarvelAPI_MarvelAPIUITests.framework in Frameworks */ = {isa = PBXBuildFile; fileRef = 2CC359655C273F9DEF2C82A5 /* Pods_MarvelAPI_MarvelAPIUITests.framework */; };
		E39EE4F750EB47B982CC9441 /* Pods_MarvelAPITests.framework in Frameworks */ = {isa = PBXBuildFile; fileRef = E9892816AF17731BB0D19E4A /* Pods_MarvelAPITests.framework */; };
/* End PBXBuildFile section */

/* Begin PBXContainerItemProxy section */
		6DB8CB672685E37D0084DC78 /* PBXContainerItemProxy */ = {
			isa = PBXContainerItemProxy;
			containerPortal = 6DB8CB482685E3790084DC78 /* Project object */;
			proxyType = 1;
			remoteGlobalIDString = 6DB8CB4F2685E3790084DC78;
			remoteInfo = MarvelAPI;
		};
		6DB8CB722685E37D0084DC78 /* PBXContainerItemProxy */ = {
			isa = PBXContainerItemProxy;
			containerPortal = 6DB8CB482685E3790084DC78 /* Project object */;
			proxyType = 1;
			remoteGlobalIDString = 6DB8CB4F2685E3790084DC78;
			remoteInfo = MarvelAPI;
		};
/* End PBXContainerItemProxy section */

/* Begin PBXFileReference section */
		2CC359655C273F9DEF2C82A5 /* Pods_MarvelAPI_MarvelAPIUITests.framework */ = {isa = PBXFileReference; explicitFileType = wrapper.framework; includeInIndex = 0; path = Pods_MarvelAPI_MarvelAPIUITests.framework; sourceTree = BUILT_PRODUCTS_DIR; };
		5689E8C395E9D18937FB8AFC /* Pods-MarvelAPI-MarvelAPIUITests.release.xcconfig */ = {isa = PBXFileReference; includeInIndex = 1; lastKnownFileType = text.xcconfig; name = "Pods-MarvelAPI-MarvelAPIUITests.release.xcconfig"; path = "Target Support Files/Pods-MarvelAPI-MarvelAPIUITests/Pods-MarvelAPI-MarvelAPIUITests.release.xcconfig"; sourceTree = "<group>"; };
		61A5A4FE537C68238329C45A /* Pods_MarvelAPI.framework */ = {isa = PBXFileReference; explicitFileType = wrapper.framework; includeInIndex = 0; path = Pods_MarvelAPI.framework; sourceTree = BUILT_PRODUCTS_DIR; };
		6DB8CB502685E3790084DC78 /* MarvelAPI.app */ = {isa = PBXFileReference; explicitFileType = wrapper.application; includeInIndex = 0; path = MarvelAPI.app; sourceTree = BUILT_PRODUCTS_DIR; };
		6DB8CB532685E3790084DC78 /* AppDelegate.swift */ = {isa = PBXFileReference; lastKnownFileType = sourcecode.swift; path = AppDelegate.swift; sourceTree = "<group>"; };
		6DB8CB552685E3790084DC78 /* SceneDelegate.swift */ = {isa = PBXFileReference; lastKnownFileType = sourcecode.swift; path = SceneDelegate.swift; sourceTree = "<group>"; };
		6DB8CB572685E3790084DC78 /* ViewController.swift */ = {isa = PBXFileReference; lastKnownFileType = sourcecode.swift; path = ViewController.swift; sourceTree = "<group>"; };
		6DB8CB5C2685E37C0084DC78 /* Assets.xcassets */ = {isa = PBXFileReference; lastKnownFileType = folder.assetcatalog; path = Assets.xcassets; sourceTree = "<group>"; };
		6DB8CB5F2685E37C0084DC78 /* Base */ = {isa = PBXFileReference; lastKnownFileType = file.storyboard; name = Base; path = Base.lproj/LaunchScreen.storyboard; sourceTree = "<group>"; };
		6DB8CB612685E37C0084DC78 /* Info.plist */ = {isa = PBXFileReference; lastKnownFileType = text.plist.xml; path = Info.plist; sourceTree = "<group>"; };
		6DB8CB662685E37D0084DC78 /* MarvelAPITests.xctest */ = {isa = PBXFileReference; explicitFileType = wrapper.cfbundle; includeInIndex = 0; path = MarvelAPITests.xctest; sourceTree = BUILT_PRODUCTS_DIR; };
		6DB8CB6C2685E37D0084DC78 /* Info.plist */ = {isa = PBXFileReference; lastKnownFileType = text.plist.xml; path = Info.plist; sourceTree = "<group>"; };
		6DB8CB712685E37D0084DC78 /* MarvelAPIUITests.xctest */ = {isa = PBXFileReference; explicitFileType = wrapper.cfbundle; includeInIndex = 0; path = MarvelAPIUITests.xctest; sourceTree = BUILT_PRODUCTS_DIR; };
		6DB8CB752685E37D0084DC78 /* MarvelAPIUITests.swift */ = {isa = PBXFileReference; lastKnownFileType = sourcecode.swift; path = MarvelAPIUITests.swift; sourceTree = "<group>"; };
		6DB8CB772685E37D0084DC78 /* Info.plist */ = {isa = PBXFileReference; lastKnownFileType = text.plist.xml; path = Info.plist; sourceTree = "<group>"; };
		6DB8CB912685E6F20084DC78 /* CharacterListInteractor.swift */ = {isa = PBXFileReference; fileEncoding = 4; lastKnownFileType = sourcecode.swift; path = CharacterListInteractor.swift; sourceTree = "<group>"; };
		6DB8CB922685E6F20084DC78 /* CharacterListModels.swift */ = {isa = PBXFileReference; fileEncoding = 4; lastKnownFileType = sourcecode.swift; path = CharacterListModels.swift; sourceTree = "<group>"; };
		6DB8CB932685E6F20084DC78 /* CharacterListView.swift */ = {isa = PBXFileReference; fileEncoding = 4; lastKnownFileType = sourcecode.swift; path = CharacterListView.swift; sourceTree = "<group>"; };
		6DB8CB942685E6F20084DC78 /* CharacterListViewController.swift */ = {isa = PBXFileReference; fileEncoding = 4; lastKnownFileType = sourcecode.swift; path = CharacterListViewController.swift; sourceTree = "<group>"; };
		6DB8CB952685E6F20084DC78 /* CharacterListRouter.swift */ = {isa = PBXFileReference; fileEncoding = 4; lastKnownFileType = sourcecode.swift; path = CharacterListRouter.swift; sourceTree = "<group>"; };
		6DB8CB962685E6F20084DC78 /* CharacterListPresenter.swift */ = {isa = PBXFileReference; fileEncoding = 4; lastKnownFileType = sourcecode.swift; path = CharacterListPresenter.swift; sourceTree = "<group>"; };
		6DB8CB9E2685EE2B0084DC78 /* Localizable.strings */ = {isa = PBXFileReference; lastKnownFileType = text.plist.strings; path = Localizable.strings; sourceTree = "<group>"; };
		6DB8CBA22685F28D0084DC78 /* String.swift */ = {isa = PBXFileReference; fileEncoding = 4; lastKnownFileType = sourcecode.swift; path = String.swift; sourceTree = "<group>"; };
		6DB8CBA32685F28D0084DC78 /* Images.swift */ = {isa = PBXFileReference; fileEncoding = 4; lastKnownFileType = sourcecode.swift; path = Images.swift; sourceTree = "<group>"; };
		6DB8CBA62685FA880084DC78 /* CharacterListConfigurator.swift */ = {isa = PBXFileReference; lastKnownFileType = sourcecode.swift; path = CharacterListConfigurator.swift; sourceTree = "<group>"; };
		6DB8CBA92685FD390084DC78 /* CharacterListTableViewCell.swift */ = {isa = PBXFileReference; lastKnownFileType = sourcecode.swift; path = CharacterListTableViewCell.swift; sourceTree = "<group>"; };
		6DB8CBAC268600880084DC78 /* UITableViewCell+Extension.swift */ = {isa = PBXFileReference; lastKnownFileType = sourcecode.swift; path = "UITableViewCell+Extension.swift"; sourceTree = "<group>"; };
		6DB8CBB1268608890084DC78 /* ServiceConstants.swift */ = {isa = PBXFileReference; lastKnownFileType = sourcecode.swift; path = ServiceConstants.swift; sourceTree = "<group>"; };
		6DB8CBB426860A640084DC78 /* Request.swift */ = {isa = PBXFileReference; lastKnownFileType = sourcecode.swift; path = Request.swift; sourceTree = "<group>"; };
		6DB8CBB6268611470084DC78 /* MarvelRequest.swift */ = {isa = PBXFileReference; lastKnownFileType = sourcecode.swift; path = MarvelRequest.swift; sourceTree = "<group>"; };
		6DB8CBB8268618830084DC78 /* String+Extension.swift */ = {isa = PBXFileReference; lastKnownFileType = sourcecode.swift; path = "String+Extension.swift"; sourceTree = "<group>"; };
		6DB8CBBA2686190E0084DC78 /* Date+Extension.swift */ = {isa = PBXFileReference; lastKnownFileType = sourcecode.swift; path = "Date+Extension.swift"; sourceTree = "<group>"; };
		6DB8CBBC268619D00084DC78 /* Service.swift */ = {isa = PBXFileReference; lastKnownFileType = sourcecode.swift; path = Service.swift; sourceTree = "<group>"; };
		6DB8CBBE26861D160084DC78 /* CharacterListWorker.swift */ = {isa = PBXFileReference; lastKnownFileType = sourcecode.swift; path = CharacterListWorker.swift; sourceTree = "<group>"; };
		6DB8CBC1268621C10084DC78 /* MarvelCharacter.swift */ = {isa = PBXFileReference; lastKnownFileType = sourcecode.swift; path = MarvelCharacter.swift; sourceTree = "<group>"; };
		6DDF546C268674B000FC4DB1 /* LoadingView.swift */ = {isa = PBXFileReference; lastKnownFileType = sourcecode.swift; path = LoadingView.swift; sourceTree = "<group>"; };
		6DDF546E2686792D00FC4DB1 /* CharacterListDataStore.swift */ = {isa = PBXFileReference; lastKnownFileType = sourcecode.swift; path = CharacterListDataStore.swift; sourceTree = "<group>"; };
		6DDF547126867AC700FC4DB1 /* CharacterDetailView.swift */ = {isa = PBXFileReference; lastKnownFileType = sourcecode.swift; path = CharacterDetailView.swift; sourceTree = "<group>"; };
		6DDF547326867AD300FC4DB1 /* CharacterDetailViewController.swift */ = {isa = PBXFileReference; lastKnownFileType = sourcecode.swift; path = CharacterDetailViewController.swift; sourceTree = "<group>"; };
		6DDF547526867AE500FC4DB1 /* CharacterDetailInteractor.swift */ = {isa = PBXFileReference; lastKnownFileType = sourcecode.swift; path = CharacterDetailInteractor.swift; sourceTree = "<group>"; };
		6DDF547726867AF100FC4DB1 /* CharacterDetailPresenter.swift */ = {isa = PBXFileReference; lastKnownFileType = sourcecode.swift; path = CharacterDetailPresenter.swift; sourceTree = "<group>"; };
		6DDF547926867B0400FC4DB1 /* CharacterDetailRouter.swift */ = {isa = PBXFileReference; lastKnownFileType = sourcecode.swift; path = CharacterDetailRouter.swift; sourceTree = "<group>"; };
		6DDF547B26867B1800FC4DB1 /* CharacterDetailModels.swift */ = {isa = PBXFileReference; lastKnownFileType = sourcecode.swift; path = CharacterDetailModels.swift; sourceTree = "<group>"; };
		6DDF547D26867B2600FC4DB1 /* CharacterDetailConfigurator.swift */ = {isa = PBXFileReference; lastKnownFileType = sourcecode.swift; path = CharacterDetailConfigurator.swift; sourceTree = "<group>"; };
		6DDF547F26867C7C00FC4DB1 /* CharacterDetailDataStore.swift */ = {isa = PBXFileReference; lastKnownFileType = sourcecode.swift; path = CharacterDetailDataStore.swift; sourceTree = "<group>"; };
		6DDF5481268688F100FC4DB1 /* CharacterDetailWorker.swift */ = {isa = PBXFileReference; lastKnownFileType = sourcecode.swift; path = CharacterDetailWorker.swift; sourceTree = "<group>"; };
		6DDF548326868C4B00FC4DB1 /* MarvelComic.swift */ = {isa = PBXFileReference; lastKnownFileType = sourcecode.swift; path = MarvelComic.swift; sourceTree = "<group>"; };
		6DDF548626878BB600FC4DB1 /* ComicDetailView.swift */ = {isa = PBXFileReference; lastKnownFileType = sourcecode.swift; path = ComicDetailView.swift; sourceTree = "<group>"; };
		6DDF548826878BC200FC4DB1 /* ComicDetailViewController.swift */ = {isa = PBXFileReference; lastKnownFileType = sourcecode.swift; path = ComicDetailViewController.swift; sourceTree = "<group>"; };
		6DDF548A26878BCE00FC4DB1 /* ComicDetailInteractor.swift */ = {isa = PBXFileReference; lastKnownFileType = sourcecode.swift; path = ComicDetailInteractor.swift; sourceTree = "<group>"; };
		6DDF548C26878BD500FC4DB1 /* ComicDetailPresenter.swift */ = {isa = PBXFileReference; lastKnownFileType = sourcecode.swift; path = ComicDetailPresenter.swift; sourceTree = "<group>"; };
		6DDF548E26878BDF00FC4DB1 /* ComicDetailDataStore.swift */ = {isa = PBXFileReference; lastKnownFileType = sourcecode.swift; path = ComicDetailDataStore.swift; sourceTree = "<group>"; };
		6DDF549026878BEF00FC4DB1 /* ComicDetailModels.swift */ = {isa = PBXFileReference; lastKnownFileType = sourcecode.swift; path = ComicDetailModels.swift; sourceTree = "<group>"; };
		6DDF549226878BF700FC4DB1 /* ComicDetailConfigurator.swift */ = {isa = PBXFileReference; lastKnownFileType = sourcecode.swift; path = ComicDetailConfigurator.swift; sourceTree = "<group>"; };
		6DDF5498268796A300FC4DB1 /* CharacterListViewControllerTests.swift */ = {isa = PBXFileReference; lastKnownFileType = sourcecode.swift; path = CharacterListViewControllerTests.swift; sourceTree = "<group>"; };
		6DDF549A2687970C00FC4DB1 /* CharacterListDoubles.swift */ = {isa = PBXFileReference; lastKnownFileType = sourcecode.swift; path = CharacterListDoubles.swift; sourceTree = "<group>"; };
		6DDF549E2687A2BD00FC4DB1 /* CharacterListInteractorTests.swift */ = {isa = PBXFileReference; lastKnownFileType = sourcecode.swift; path = CharacterListInteractorTests.swift; sourceTree = "<group>"; };
		6DDF54A02687A4D900FC4DB1 /* CharacterListPresenterTests.swift */ = {isa = PBXFileReference; lastKnownFileType = sourcecode.swift; path = CharacterListPresenterTests.swift; sourceTree = "<group>"; };
		6DDF54A22687A67E00FC4DB1 /* CharacterListRouterTests.swift */ = {isa = PBXFileReference; lastKnownFileType = sourcecode.swift; path = CharacterListRouterTests.swift; sourceTree = "<group>"; };
		6DDF54A42687A68E00FC4DB1 /* ViewControllerSpy.swift */ = {isa = PBXFileReference; lastKnownFileType = sourcecode.swift; path = ViewControllerSpy.swift; sourceTree = "<group>"; };
		6DDF54A72687A93300FC4DB1 /* ServiceStub.swift */ = {isa = PBXFileReference; lastKnownFileType = sourcecode.swift; path = ServiceStub.swift; sourceTree = "<group>"; };
		6DDF54A92687AA9E00FC4DB1 /* CharacterListWorkerTests.swift */ = {isa = PBXFileReference; lastKnownFileType = sourcecode.swift; path = CharacterListWorkerTests.swift; sourceTree = "<group>"; };
		6DDF54AB2687ACC400FC4DB1 /* Mirror+Extension.swift */ = {isa = PBXFileReference; lastKnownFileType = sourcecode.swift; path = "Mirror+Extension.swift"; sourceTree = "<group>"; };
		90443C3FCF571DD89673F144 /* Pods-MarvelAPI.debug.xcconfig */ = {isa = PBXFileReference; includeInIndex = 1; lastKnownFileType = text.xcconfig; name = "Pods-MarvelAPI.debug.xcconfig"; path = "Target Support Files/Pods-MarvelAPI/Pods-MarvelAPI.debug.xcconfig"; sourceTree = "<group>"; };
		BC8BF7DEF4F13AC4C415FB08 /* Pods-MarvelAPI.release.xcconfig */ = {isa = PBXFileReference; includeInIndex = 1; lastKnownFileType = text.xcconfig; name = "Pods-MarvelAPI.release.xcconfig"; path = "Target Support Files/Pods-MarvelAPI/Pods-MarvelAPI.release.xcconfig"; sourceTree = "<group>"; };
		BD42ABF769A920F96CF738C3 /* Pods-MarvelAPITests.release.xcconfig */ = {isa = PBXFileReference; includeInIndex = 1; lastKnownFileType = text.xcconfig; name = "Pods-MarvelAPITests.release.xcconfig"; path = "Target Support Files/Pods-MarvelAPITests/Pods-MarvelAPITests.release.xcconfig"; sourceTree = "<group>"; };
		D699B9BDE03F5FC383AD3E99 /* Pods-MarvelAPI-MarvelAPIUITests.debug.xcconfig */ = {isa = PBXFileReference; includeInIndex = 1; lastKnownFileType = text.xcconfig; name = "Pods-MarvelAPI-MarvelAPIUITests.debug.xcconfig"; path = "Target Support Files/Pods-MarvelAPI-MarvelAPIUITests/Pods-MarvelAPI-MarvelAPIUITests.debug.xcconfig"; sourceTree = "<group>"; };
		D6D1F6774F47A8D4DCB14EE6 /* Pods-MarvelAPITests.debug.xcconfig */ = {isa = PBXFileReference; includeInIndex = 1; lastKnownFileType = text.xcconfig; name = "Pods-MarvelAPITests.debug.xcconfig"; path = "Target Support Files/Pods-MarvelAPITests/Pods-MarvelAPITests.debug.xcconfig"; sourceTree = "<group>"; };
		E9892816AF17731BB0D19E4A /* Pods_MarvelAPITests.framework */ = {isa = PBXFileReference; explicitFileType = wrapper.framework; includeInIndex = 0; path = Pods_MarvelAPITests.framework; sourceTree = BUILT_PRODUCTS_DIR; };
/* End PBXFileReference section */

/* Begin PBXFrameworksBuildPhase section */
		6DB8CB4D2685E3790084DC78 /* Frameworks */ = {
			isa = PBXFrameworksBuildPhase;
			buildActionMask = 2147483647;
			files = (
				459FDC670915E7620B381851 /* Pods_MarvelAPI.framework in Frameworks */,
			);
			runOnlyForDeploymentPostprocessing = 0;
		};
		6DB8CB632685E37D0084DC78 /* Frameworks */ = {
			isa = PBXFrameworksBuildPhase;
			buildActionMask = 2147483647;
			files = (
				E39EE4F750EB47B982CC9441 /* Pods_MarvelAPITests.framework in Frameworks */,
			);
			runOnlyForDeploymentPostprocessing = 0;
		};
		6DB8CB6E2685E37D0084DC78 /* Frameworks */ = {
			isa = PBXFrameworksBuildPhase;
			buildActionMask = 2147483647;
			files = (
				DDC1888F62B1F2442188BF13 /* Pods_MarvelAPI_MarvelAPIUITests.framework in Frameworks */,
			);
			runOnlyForDeploymentPostprocessing = 0;
		};
/* End PBXFrameworksBuildPhase section */

/* Begin PBXGroup section */
		6DB8CB472685E3790084DC78 = {
			isa = PBXGroup;
			children = (
				6DB8CB522685E3790084DC78 /* MarvelAPI */,
				6DB8CB692685E37D0084DC78 /* MarvelAPITests */,
				6DB8CB742685E37D0084DC78 /* MarvelAPIUITests */,
				6DB8CB512685E3790084DC78 /* Products */,
				CAD1E0D8844B178F7830522D /* Pods */,
				ED2B02A62EBDE868D883BC53 /* Frameworks */,
			);
			sourceTree = "<group>";
		};
		6DB8CB512685E3790084DC78 /* Products */ = {
			isa = PBXGroup;
			children = (
				6DB8CB502685E3790084DC78 /* MarvelAPI.app */,
				6DB8CB662685E37D0084DC78 /* MarvelAPITests.xctest */,
				6DB8CB712685E37D0084DC78 /* MarvelAPIUITests.xctest */,
			);
			name = Products;
			sourceTree = "<group>";
		};
		6DB8CB522685E3790084DC78 /* MarvelAPI */ = {
			isa = PBXGroup;
			children = (
				6DDF546B268674A600FC4DB1 /* SupportViews */,
				6DB8CBC0268621B70084DC78 /* Model */,
				6DB8CBAE268607790084DC78 /* Service */,
				6DB8CBAB268600740084DC78 /* Extensions */,
				6DB8CBA12685F28D0084DC78 /* Generated */,
				6DB8CBA02685EE4B0084DC78 /* Resources */,
				6DB8CB902685E67B0084DC78 /* Scenes */,
				6DB8CB532685E3790084DC78 /* AppDelegate.swift */,
				6DB8CB552685E3790084DC78 /* SceneDelegate.swift */,
				6DB8CB572685E3790084DC78 /* ViewController.swift */,
				6DB8CB5E2685E37C0084DC78 /* LaunchScreen.storyboard */,
				6DB8CB612685E37C0084DC78 /* Info.plist */,
			);
			path = MarvelAPI;
			sourceTree = "<group>";
		};
		6DB8CB692685E37D0084DC78 /* MarvelAPITests */ = {
			isa = PBXGroup;
			children = (
				6DDF54A62687A92A00FC4DB1 /* Service */,
				6DDF5494268795E700FC4DB1 /* CharacterList */,
				6DB8CB6C2685E37D0084DC78 /* Info.plist */,
				6DDF54A42687A68E00FC4DB1 /* ViewControllerSpy.swift */,
				6DDF54AB2687ACC400FC4DB1 /* Mirror+Extension.swift */,
			);
			path = MarvelAPITests;
			sourceTree = "<group>";
		};
		6DB8CB742685E37D0084DC78 /* MarvelAPIUITests */ = {
			isa = PBXGroup;
			children = (
				6DB8CB752685E37D0084DC78 /* MarvelAPIUITests.swift */,
				6DB8CB772685E37D0084DC78 /* Info.plist */,
			);
			path = MarvelAPIUITests;
			sourceTree = "<group>";
		};
		6DB8CB832685E57B0084DC78 /* CharacterList */ = {
			isa = PBXGroup;
			children = (
				6DB8CBA82685FD1C0084DC78 /* SupportView */,
				6DB8CB912685E6F20084DC78 /* CharacterListInteractor.swift */,
				6DB8CB922685E6F20084DC78 /* CharacterListModels.swift */,
				6DB8CB962685E6F20084DC78 /* CharacterListPresenter.swift */,
				6DB8CB952685E6F20084DC78 /* CharacterListRouter.swift */,
				6DB8CB932685E6F20084DC78 /* CharacterListView.swift */,
				6DB8CB942685E6F20084DC78 /* CharacterListViewController.swift */,
				6DB8CBA62685FA880084DC78 /* CharacterListConfigurator.swift */,
				6DB8CBBE26861D160084DC78 /* CharacterListWorker.swift */,
				6DDF546E2686792D00FC4DB1 /* CharacterListDataStore.swift */,
			);
			path = CharacterList;
			sourceTree = "<group>";
		};
		6DB8CB902685E67B0084DC78 /* Scenes */ = {
			isa = PBXGroup;
			children = (
				6DDF548526878BA800FC4DB1 /* ComicDetail */,
				6DDF547026867AB700FC4DB1 /* CharacterDetail */,
				6DB8CB832685E57B0084DC78 /* CharacterList */,
			);
			path = Scenes;
			sourceTree = "<group>";
		};
		6DB8CBA02685EE4B0084DC78 /* Resources */ = {
			isa = PBXGroup;
			children = (
				6DB8CB5C2685E37C0084DC78 /* Assets.xcassets */,
				6DB8CB9E2685EE2B0084DC78 /* Localizable.strings */,
			);
			path = Resources;
			sourceTree = "<group>";
		};
		6DB8CBA12685F28D0084DC78 /* Generated */ = {
			isa = PBXGroup;
			children = (
				6DB8CBA22685F28D0084DC78 /* String.swift */,
				6DB8CBA32685F28D0084DC78 /* Images.swift */,
			);
			path = Generated;
			sourceTree = "<group>";
		};
		6DB8CBA82685FD1C0084DC78 /* SupportView */ = {
			isa = PBXGroup;
			children = (
				6DB8CBA92685FD390084DC78 /* CharacterListTableViewCell.swift */,
			);
			path = SupportView;
			sourceTree = "<group>";
		};
		6DB8CBAB268600740084DC78 /* Extensions */ = {
			isa = PBXGroup;
			children = (
				6DB8CBAC268600880084DC78 /* UITableViewCell+Extension.swift */,
				6DB8CBB8268618830084DC78 /* String+Extension.swift */,
				6DB8CBBA2686190E0084DC78 /* Date+Extension.swift */,
			);
			path = Extensions;
			sourceTree = "<group>";
		};
		6DB8CBAE268607790084DC78 /* Service */ = {
			isa = PBXGroup;
			children = (
				6DB8CBB326860A590084DC78 /* Requests */,
				6DB8CBB1268608890084DC78 /* ServiceConstants.swift */,
				6DB8CBBC268619D00084DC78 /* Service.swift */,
			);
			path = Service;
			sourceTree = "<group>";
		};
		6DB8CBB326860A590084DC78 /* Requests */ = {
			isa = PBXGroup;
			children = (
				6DB8CBB426860A640084DC78 /* Request.swift */,
				6DB8CBB6268611470084DC78 /* MarvelRequest.swift */,
			);
			path = Requests;
			sourceTree = "<group>";
		};
		6DB8CBC0268621B70084DC78 /* Model */ = {
			isa = PBXGroup;
			children = (
				6DB8CBC1268621C10084DC78 /* MarvelCharacter.swift */,
				6DDF548326868C4B00FC4DB1 /* MarvelComic.swift */,
			);
			path = Model;
			sourceTree = "<group>";
		};
		6DDF546B268674A600FC4DB1 /* SupportViews */ = {
			isa = PBXGroup;
			children = (
				6DDF546C268674B000FC4DB1 /* LoadingView.swift */,
			);
			path = SupportViews;
			sourceTree = "<group>";
		};
		6DDF547026867AB700FC4DB1 /* CharacterDetail */ = {
			isa = PBXGroup;
			children = (
				6DDF547126867AC700FC4DB1 /* CharacterDetailView.swift */,
				6DDF547326867AD300FC4DB1 /* CharacterDetailViewController.swift */,
				6DDF547526867AE500FC4DB1 /* CharacterDetailInteractor.swift */,
				6DDF547726867AF100FC4DB1 /* CharacterDetailPresenter.swift */,
				6DDF547926867B0400FC4DB1 /* CharacterDetailRouter.swift */,
				6DDF547B26867B1800FC4DB1 /* CharacterDetailModels.swift */,
				6DDF547D26867B2600FC4DB1 /* CharacterDetailConfigurator.swift */,
				6DDF547F26867C7C00FC4DB1 /* CharacterDetailDataStore.swift */,
				6DDF5481268688F100FC4DB1 /* CharacterDetailWorker.swift */,
			);
			path = CharacterDetail;
			sourceTree = "<group>";
		};
		6DDF548526878BA800FC4DB1 /* ComicDetail */ = {
			isa = PBXGroup;
			children = (
				6DDF548626878BB600FC4DB1 /* ComicDetailView.swift */,
				6DDF548826878BC200FC4DB1 /* ComicDetailViewController.swift */,
				6DDF548A26878BCE00FC4DB1 /* ComicDetailInteractor.swift */,
				6DDF548C26878BD500FC4DB1 /* ComicDetailPresenter.swift */,
				6DDF548E26878BDF00FC4DB1 /* ComicDetailDataStore.swift */,
				6DDF549026878BEF00FC4DB1 /* ComicDetailModels.swift */,
				6DDF549226878BF700FC4DB1 /* ComicDetailConfigurator.swift */,
			);
			path = ComicDetail;
			sourceTree = "<group>";
		};
		6DDF5494268795E700FC4DB1 /* CharacterList */ = {
			isa = PBXGroup;
			children = (
				6DDF549A2687970C00FC4DB1 /* CharacterListDoubles.swift */,
				6DDF5498268796A300FC4DB1 /* CharacterListViewControllerTests.swift */,
				6DDF549E2687A2BD00FC4DB1 /* CharacterListInteractorTests.swift */,
				6DDF54A02687A4D900FC4DB1 /* CharacterListPresenterTests.swift */,
				6DDF54A22687A67E00FC4DB1 /* CharacterListRouterTests.swift */,
				6DDF54A92687AA9E00FC4DB1 /* CharacterListWorkerTests.swift */,
			);
			path = CharacterList;
			sourceTree = "<group>";
		};
		6DDF54A62687A92A00FC4DB1 /* Service */ = {
			isa = PBXGroup;
			children = (
				6DDF54A72687A93300FC4DB1 /* ServiceStub.swift */,
			);
			path = Service;
			sourceTree = "<group>";
		};
		CAD1E0D8844B178F7830522D /* Pods */ = {
			isa = PBXGroup;
			children = (
				90443C3FCF571DD89673F144 /* Pods-MarvelAPI.debug.xcconfig */,
				BC8BF7DEF4F13AC4C415FB08 /* Pods-MarvelAPI.release.xcconfig */,
				D699B9BDE03F5FC383AD3E99 /* Pods-MarvelAPI-MarvelAPIUITests.debug.xcconfig */,
				5689E8C395E9D18937FB8AFC /* Pods-MarvelAPI-MarvelAPIUITests.release.xcconfig */,
				D6D1F6774F47A8D4DCB14EE6 /* Pods-MarvelAPITests.debug.xcconfig */,
				BD42ABF769A920F96CF738C3 /* Pods-MarvelAPITests.release.xcconfig */,
			);
			path = Pods;
			sourceTree = "<group>";
		};
		ED2B02A62EBDE868D883BC53 /* Frameworks */ = {
			isa = PBXGroup;
			children = (
				61A5A4FE537C68238329C45A /* Pods_MarvelAPI.framework */,
				2CC359655C273F9DEF2C82A5 /* Pods_MarvelAPI_MarvelAPIUITests.framework */,
				E9892816AF17731BB0D19E4A /* Pods_MarvelAPITests.framework */,
			);
			name = Frameworks;
			sourceTree = "<group>";
		};
/* End PBXGroup section */

/* Begin PBXNativeTarget section */
		6DB8CB4F2685E3790084DC78 /* MarvelAPI */ = {
			isa = PBXNativeTarget;
			buildConfigurationList = 6DB8CB7A2685E37D0084DC78 /* Build configuration list for PBXNativeTarget "MarvelAPI" */;
			buildPhases = (
				56EE8C7FA981ADC7F6A9149C /* [CP] Check Pods Manifest.lock */,
				6DB8CB4C2685E3790084DC78 /* Sources */,
				6DB8CB4D2685E3790084DC78 /* Frameworks */,
				6DB8CB4E2685E3790084DC78 /* Resources */,
				D0110C5FB77CADA65A31E812 /* [CP] Embed Pods Frameworks */,
				6DB8CB9D2685ECDE0084DC78 /* SwiftGen */,
			);
			buildRules = (
			);
			dependencies = (
			);
			name = MarvelAPI;
			productName = MarvelAPI;
			productReference = 6DB8CB502685E3790084DC78 /* MarvelAPI.app */;
			productType = "com.apple.product-type.application";
		};
		6DB8CB652685E37D0084DC78 /* MarvelAPITests */ = {
			isa = PBXNativeTarget;
			buildConfigurationList = 6DB8CB7D2685E37D0084DC78 /* Build configuration list for PBXNativeTarget "MarvelAPITests" */;
			buildPhases = (
				F8F2C76E55EA249304E0EB04 /* [CP] Check Pods Manifest.lock */,
				6DB8CB622685E37D0084DC78 /* Sources */,
				6DB8CB632685E37D0084DC78 /* Frameworks */,
				6DB8CB642685E37D0084DC78 /* Resources */,
			);
			buildRules = (
			);
			dependencies = (
				6DB8CB682685E37D0084DC78 /* PBXTargetDependency */,
			);
			name = MarvelAPITests;
			productName = MarvelAPITests;
			productReference = 6DB8CB662685E37D0084DC78 /* MarvelAPITests.xctest */;
			productType = "com.apple.product-type.bundle.unit-test";
		};
		6DB8CB702685E37D0084DC78 /* MarvelAPIUITests */ = {
			isa = PBXNativeTarget;
			buildConfigurationList = 6DB8CB802685E37D0084DC78 /* Build configuration list for PBXNativeTarget "MarvelAPIUITests" */;
			buildPhases = (
				622C5DDC007682FD91F037DD /* [CP] Check Pods Manifest.lock */,
				6DB8CB6D2685E37D0084DC78 /* Sources */,
				6DB8CB6E2685E37D0084DC78 /* Frameworks */,
				6DB8CB6F2685E37D0084DC78 /* Resources */,
				4CFD40C5B1FC4D42C1CFDBB4 /* [CP] Embed Pods Frameworks */,
			);
			buildRules = (
			);
			dependencies = (
				6DB8CB732685E37D0084DC78 /* PBXTargetDependency */,
			);
			name = MarvelAPIUITests;
			productName = MarvelAPIUITests;
			productReference = 6DB8CB712685E37D0084DC78 /* MarvelAPIUITests.xctest */;
			productType = "com.apple.product-type.bundle.ui-testing";
		};
/* End PBXNativeTarget section */

/* Begin PBXProject section */
		6DB8CB482685E3790084DC78 /* Project object */ = {
			isa = PBXProject;
			attributes = {
				LastSwiftUpdateCheck = 1250;
				LastUpgradeCheck = 1250;
				TargetAttributes = {
					6DB8CB4F2685E3790084DC78 = {
						CreatedOnToolsVersion = 12.5;
					};
					6DB8CB652685E37D0084DC78 = {
						CreatedOnToolsVersion = 12.5;
						TestTargetID = 6DB8CB4F2685E3790084DC78;
					};
					6DB8CB702685E37D0084DC78 = {
						CreatedOnToolsVersion = 12.5;
						TestTargetID = 6DB8CB4F2685E3790084DC78;
					};
				};
			};
			buildConfigurationList = 6DB8CB4B2685E3790084DC78 /* Build configuration list for PBXProject "MarvelAPI" */;
			compatibilityVersion = "Xcode 9.3";
			developmentRegion = en;
			hasScannedForEncodings = 0;
			knownRegions = (
				en,
				Base,
			);
			mainGroup = 6DB8CB472685E3790084DC78;
			productRefGroup = 6DB8CB512685E3790084DC78 /* Products */;
			projectDirPath = "";
			projectRoot = "";
			targets = (
				6DB8CB4F2685E3790084DC78 /* MarvelAPI */,
				6DB8CB652685E37D0084DC78 /* MarvelAPITests */,
				6DB8CB702685E37D0084DC78 /* MarvelAPIUITests */,
			);
		};
/* End PBXProject section */

/* Begin PBXResourcesBuildPhase section */
		6DB8CB4E2685E3790084DC78 /* Resources */ = {
			isa = PBXResourcesBuildPhase;
			buildActionMask = 2147483647;
			files = (
				6DB8CB602685E37C0084DC78 /* LaunchScreen.storyboard in Resources */,
				6DB8CB9F2685EE2B0084DC78 /* Localizable.strings in Resources */,
				6DB8CB5D2685E37C0084DC78 /* Assets.xcassets in Resources */,
			);
			runOnlyForDeploymentPostprocessing = 0;
		};
		6DB8CB642685E37D0084DC78 /* Resources */ = {
			isa = PBXResourcesBuildPhase;
			buildActionMask = 2147483647;
			files = (
			);
			runOnlyForDeploymentPostprocessing = 0;
		};
		6DB8CB6F2685E37D0084DC78 /* Resources */ = {
			isa = PBXResourcesBuildPhase;
			buildActionMask = 2147483647;
			files = (
			);
			runOnlyForDeploymentPostprocessing = 0;
		};
/* End PBXResourcesBuildPhase section */

/* Begin PBXShellScriptBuildPhase section */
		4CFD40C5B1FC4D42C1CFDBB4 /* [CP] Embed Pods Frameworks */ = {
			isa = PBXShellScriptBuildPhase;
			buildActionMask = 2147483647;
			files = (
			);
			inputFileListPaths = (
				"${PODS_ROOT}/Target Support Files/Pods-MarvelAPI-MarvelAPIUITests/Pods-MarvelAPI-MarvelAPIUITests-frameworks-${CONFIGURATION}-input-files.xcfilelist",
			);
			name = "[CP] Embed Pods Frameworks";
			outputFileListPaths = (
				"${PODS_ROOT}/Target Support Files/Pods-MarvelAPI-MarvelAPIUITests/Pods-MarvelAPI-MarvelAPIUITests-frameworks-${CONFIGURATION}-output-files.xcfilelist",
			);
			runOnlyForDeploymentPostprocessing = 0;
			shellPath = /bin/sh;
			shellScript = "\"${PODS_ROOT}/Target Support Files/Pods-MarvelAPI-MarvelAPIUITests/Pods-MarvelAPI-MarvelAPIUITests-frameworks.sh\"\n";
			showEnvVarsInLog = 0;
		};
		56EE8C7FA981ADC7F6A9149C /* [CP] Check Pods Manifest.lock */ = {
			isa = PBXShellScriptBuildPhase;
			buildActionMask = 2147483647;
			files = (
			);
			inputFileListPaths = (
			);
			inputPaths = (
				"${PODS_PODFILE_DIR_PATH}/Podfile.lock",
				"${PODS_ROOT}/Manifest.lock",
			);
			name = "[CP] Check Pods Manifest.lock";
			outputFileListPaths = (
			);
			outputPaths = (
				"$(DERIVED_FILE_DIR)/Pods-MarvelAPI-checkManifestLockResult.txt",
			);
			runOnlyForDeploymentPostprocessing = 0;
			shellPath = /bin/sh;
			shellScript = "diff \"${PODS_PODFILE_DIR_PATH}/Podfile.lock\" \"${PODS_ROOT}/Manifest.lock\" > /dev/null\nif [ $? != 0 ] ; then\n    # print error to STDERR\n    echo \"error: The sandbox is not in sync with the Podfile.lock. Run 'pod install' or update your CocoaPods installation.\" >&2\n    exit 1\nfi\n# This output is used by Xcode 'outputs' to avoid re-running this script phase.\necho \"SUCCESS\" > \"${SCRIPT_OUTPUT_FILE_0}\"\n";
			showEnvVarsInLog = 0;
		};
		622C5DDC007682FD91F037DD /* [CP] Check Pods Manifest.lock */ = {
			isa = PBXShellScriptBuildPhase;
			buildActionMask = 2147483647;
			files = (
			);
			inputFileListPaths = (
			);
			inputPaths = (
				"${PODS_PODFILE_DIR_PATH}/Podfile.lock",
				"${PODS_ROOT}/Manifest.lock",
			);
			name = "[CP] Check Pods Manifest.lock";
			outputFileListPaths = (
			);
			outputPaths = (
				"$(DERIVED_FILE_DIR)/Pods-MarvelAPI-MarvelAPIUITests-checkManifestLockResult.txt",
			);
			runOnlyForDeploymentPostprocessing = 0;
			shellPath = /bin/sh;
			shellScript = "diff \"${PODS_PODFILE_DIR_PATH}/Podfile.lock\" \"${PODS_ROOT}/Manifest.lock\" > /dev/null\nif [ $? != 0 ] ; then\n    # print error to STDERR\n    echo \"error: The sandbox is not in sync with the Podfile.lock. Run 'pod install' or update your CocoaPods installation.\" >&2\n    exit 1\nfi\n# This output is used by Xcode 'outputs' to avoid re-running this script phase.\necho \"SUCCESS\" > \"${SCRIPT_OUTPUT_FILE_0}\"\n";
			showEnvVarsInLog = 0;
		};
		6DB8CB9D2685ECDE0084DC78 /* SwiftGen */ = {
			isa = PBXShellScriptBuildPhase;
			buildActionMask = 2147483647;
			files = (
			);
			inputFileListPaths = (
			);
			inputPaths = (
			);
			name = SwiftGen;
			outputFileListPaths = (
			);
			outputPaths = (
			);
			runOnlyForDeploymentPostprocessing = 0;
			shellPath = /bin/sh;
			shellScript = "# Type a script or drag a script file from your workspace to insert its path.\nif [[ -f \"${PODS_ROOT}/SwiftGen/bin/swiftgen\" ]]; then\n  \"${PODS_ROOT}/SwiftGen/bin/swiftgen\" config run --config \"MarvelAPI/swiftgen.yml\"\nelse\n  echo \"warning: SwiftGen is not installed. Run 'pod install --repo-update' to install it.\"\nfi\n";
		};
		D0110C5FB77CADA65A31E812 /* [CP] Embed Pods Frameworks */ = {
			isa = PBXShellScriptBuildPhase;
			buildActionMask = 2147483647;
			files = (
			);
			inputFileListPaths = (
				"${PODS_ROOT}/Target Support Files/Pods-MarvelAPI/Pods-MarvelAPI-frameworks-${CONFIGURATION}-input-files.xcfilelist",
			);
			name = "[CP] Embed Pods Frameworks";
			outputFileListPaths = (
				"${PODS_ROOT}/Target Support Files/Pods-MarvelAPI/Pods-MarvelAPI-frameworks-${CONFIGURATION}-output-files.xcfilelist",
			);
			runOnlyForDeploymentPostprocessing = 0;
			shellPath = /bin/sh;
			shellScript = "\"${PODS_ROOT}/Target Support Files/Pods-MarvelAPI/Pods-MarvelAPI-frameworks.sh\"\n";
			showEnvVarsInLog = 0;
		};
		F8F2C76E55EA249304E0EB04 /* [CP] Check Pods Manifest.lock */ = {
			isa = PBXShellScriptBuildPhase;
			buildActionMask = 2147483647;
			files = (
			);
			inputFileListPaths = (
			);
			inputPaths = (
				"${PODS_PODFILE_DIR_PATH}/Podfile.lock",
				"${PODS_ROOT}/Manifest.lock",
			);
			name = "[CP] Check Pods Manifest.lock";
			outputFileListPaths = (
			);
			outputPaths = (
				"$(DERIVED_FILE_DIR)/Pods-MarvelAPITests-checkManifestLockResult.txt",
			);
			runOnlyForDeploymentPostprocessing = 0;
			shellPath = /bin/sh;
			shellScript = "diff \"${PODS_PODFILE_DIR_PATH}/Podfile.lock\" \"${PODS_ROOT}/Manifest.lock\" > /dev/null\nif [ $? != 0 ] ; then\n    # print error to STDERR\n    echo \"error: The sandbox is not in sync with the Podfile.lock. Run 'pod install' or update your CocoaPods installation.\" >&2\n    exit 1\nfi\n# This output is used by Xcode 'outputs' to avoid re-running this script phase.\necho \"SUCCESS\" > \"${SCRIPT_OUTPUT_FILE_0}\"\n";
			showEnvVarsInLog = 0;
		};
/* End PBXShellScriptBuildPhase section */

/* Begin PBXSourcesBuildPhase section */
		6DB8CB4C2685E3790084DC78 /* Sources */ = {
			isa = PBXSourcesBuildPhase;
			buildActionMask = 2147483647;
			files = (
				6DDF548026867C7C00FC4DB1 /* CharacterDetailDataStore.swift in Sources */,
				6DDF548426868C4B00FC4DB1 /* MarvelComic.swift in Sources */,
				6DB8CB992685E6F20084DC78 /* CharacterListView.swift in Sources */,
				6DDF547826867AF100FC4DB1 /* CharacterDetailPresenter.swift in Sources */,
				6DDF549126878BEF00FC4DB1 /* ComicDetailModels.swift in Sources */,
				6DDF5482268688F100FC4DB1 /* CharacterDetailWorker.swift in Sources */,
				6DDF547426867AD300FC4DB1 /* CharacterDetailViewController.swift in Sources */,
				6DB8CB972685E6F20084DC78 /* CharacterListInteractor.swift in Sources */,
				6DDF548926878BC200FC4DB1 /* ComicDetailViewController.swift in Sources */,
				6DDF547626867AE500FC4DB1 /* CharacterDetailInteractor.swift in Sources */,
				6DB8CBB526860A640084DC78 /* Request.swift in Sources */,
				6DB8CBB9268618830084DC78 /* String+Extension.swift in Sources */,
				6DB8CBAA2685FD390084DC78 /* CharacterListTableViewCell.swift in Sources */,
				6DB8CBBB2686190E0084DC78 /* Date+Extension.swift in Sources */,
				6DB8CBA42685F28D0084DC78 /* String.swift in Sources */,
				6DB8CBA52685F28D0084DC78 /* Images.swift in Sources */,
				6DDF548F26878BDF00FC4DB1 /* ComicDetailDataStore.swift in Sources */,
				6DB8CB582685E3790084DC78 /* ViewController.swift in Sources */,
				6DDF548B26878BCE00FC4DB1 /* ComicDetailInteractor.swift in Sources */,
				6DB8CB542685E3790084DC78 /* AppDelegate.swift in Sources */,
				6DB8CBAD268600880084DC78 /* UITableViewCell+Extension.swift in Sources */,
				6DDF549326878BF700FC4DB1 /* ComicDetailConfigurator.swift in Sources */,
				6DB8CBA72685FA880084DC78 /* CharacterListConfigurator.swift in Sources */,
				6DDF547E26867B2600FC4DB1 /* CharacterDetailConfigurator.swift in Sources */,
				6DDF548726878BB600FC4DB1 /* ComicDetailView.swift in Sources */,
				6DDF547A26867B0400FC4DB1 /* CharacterDetailRouter.swift in Sources */,
				6DB8CBC2268621C10084DC78 /* MarvelCharacter.swift in Sources */,
				6DB8CB9C2685E6F20084DC78 /* CharacterListPresenter.swift in Sources */,
				6DDF548D26878BD500FC4DB1 /* ComicDetailPresenter.swift in Sources */,
				6DB8CB9A2685E6F20084DC78 /* CharacterListViewController.swift in Sources */,
				6DDF546F2686792D00FC4DB1 /* CharacterListDataStore.swift in Sources */,
				6DB8CBBF26861D170084DC78 /* CharacterListWorker.swift in Sources */,
				6DB8CB562685E3790084DC78 /* SceneDelegate.swift in Sources */,
				6DB8CBB7268611470084DC78 /* MarvelRequest.swift in Sources */,
				6DB8CB9B2685E6F20084DC78 /* CharacterListRouter.swift in Sources */,
				6DDF547226867AC700FC4DB1 /* CharacterDetailView.swift in Sources */,
				6DB8CBBD268619D00084DC78 /* Service.swift in Sources */,
				6DDF547C26867B1800FC4DB1 /* CharacterDetailModels.swift in Sources */,
				6DB8CB982685E6F20084DC78 /* CharacterListModels.swift in Sources */,
				6DB8CBB2268608890084DC78 /* ServiceConstants.swift in Sources */,
				6DDF546D268674B000FC4DB1 /* LoadingView.swift in Sources */,
			);
			runOnlyForDeploymentPostprocessing = 0;
		};
		6DB8CB622685E37D0084DC78 /* Sources */ = {
			isa = PBXSourcesBuildPhase;
			buildActionMask = 2147483647;
			files = (
				6DDF54A82687A93300FC4DB1 /* ServiceStub.swift in Sources */,
				6DDF54A32687A67E00FC4DB1 /* CharacterListRouterTests.swift in Sources */,
				6DDF54A12687A4D900FC4DB1 /* CharacterListPresenterTests.swift in Sources */,
				6DDF549F2687A2BD00FC4DB1 /* CharacterListInteractorTests.swift in Sources */,
				6DDF5499268796A300FC4DB1 /* CharacterListViewControllerTests.swift in Sources */,
				6DDF549B2687970C00FC4DB1 /* CharacterListDoubles.swift in Sources */,
				6DDF54AC2687ACC400FC4DB1 /* Mirror+Extension.swift in Sources */,
				6DDF54A52687A68E00FC4DB1 /* ViewControllerSpy.swift in Sources */,
				6DDF54AA2687AA9E00FC4DB1 /* CharacterListWorkerTests.swift in Sources */,
			);
			runOnlyForDeploymentPostprocessing = 0;
		};
		6DB8CB6D2685E37D0084DC78 /* Sources */ = {
			isa = PBXSourcesBuildPhase;
			buildActionMask = 2147483647;
			files = (
				6DB8CB762685E37D0084DC78 /* MarvelAPIUITests.swift in Sources */,
			);
			runOnlyForDeploymentPostprocessing = 0;
		};
/* End PBXSourcesBuildPhase section */

/* Begin PBXTargetDependency section */
		6DB8CB682685E37D0084DC78 /* PBXTargetDependency */ = {
			isa = PBXTargetDependency;
			target = 6DB8CB4F2685E3790084DC78 /* MarvelAPI */;
			targetProxy = 6DB8CB672685E37D0084DC78 /* PBXContainerItemProxy */;
		};
		6DB8CB732685E37D0084DC78 /* PBXTargetDependency */ = {
			isa = PBXTargetDependency;
			target = 6DB8CB4F2685E3790084DC78 /* MarvelAPI */;
			targetProxy = 6DB8CB722685E37D0084DC78 /* PBXContainerItemProxy */;
		};
/* End PBXTargetDependency section */

/* Begin PBXVariantGroup section */
		6DB8CB5E2685E37C0084DC78 /* LaunchScreen.storyboard */ = {
			isa = PBXVariantGroup;
			children = (
				6DB8CB5F2685E37C0084DC78 /* Base */,
			);
			name = LaunchScreen.storyboard;
			sourceTree = "<group>";
		};
/* End PBXVariantGroup section */

/* Begin XCBuildConfiguration section */
		6DB8CB782685E37D0084DC78 /* Debug */ = {
			isa = XCBuildConfiguration;
			buildSettings = {
				ALWAYS_SEARCH_USER_PATHS = NO;
				CLANG_ANALYZER_NONNULL = YES;
				CLANG_ANALYZER_NUMBER_OBJECT_CONVERSION = YES_AGGRESSIVE;
				CLANG_CXX_LANGUAGE_STANDARD = "gnu++14";
				CLANG_CXX_LIBRARY = "libc++";
				CLANG_ENABLE_MODULES = YES;
				CLANG_ENABLE_OBJC_ARC = YES;
				CLANG_ENABLE_OBJC_WEAK = YES;
				CLANG_WARN_BLOCK_CAPTURE_AUTORELEASING = YES;
				CLANG_WARN_BOOL_CONVERSION = YES;
				CLANG_WARN_COMMA = YES;
				CLANG_WARN_CONSTANT_CONVERSION = YES;
				CLANG_WARN_DEPRECATED_OBJC_IMPLEMENTATIONS = YES;
				CLANG_WARN_DIRECT_OBJC_ISA_USAGE = YES_ERROR;
				CLANG_WARN_DOCUMENTATION_COMMENTS = YES;
				CLANG_WARN_EMPTY_BODY = YES;
				CLANG_WARN_ENUM_CONVERSION = YES;
				CLANG_WARN_INFINITE_RECURSION = YES;
				CLANG_WARN_INT_CONVERSION = YES;
				CLANG_WARN_NON_LITERAL_NULL_CONVERSION = YES;
				CLANG_WARN_OBJC_IMPLICIT_RETAIN_SELF = YES;
				CLANG_WARN_OBJC_LITERAL_CONVERSION = YES;
				CLANG_WARN_OBJC_ROOT_CLASS = YES_ERROR;
				CLANG_WARN_QUOTED_INCLUDE_IN_FRAMEWORK_HEADER = YES;
				CLANG_WARN_RANGE_LOOP_ANALYSIS = YES;
				CLANG_WARN_STRICT_PROTOTYPES = YES;
				CLANG_WARN_SUSPICIOUS_MOVE = YES;
				CLANG_WARN_UNGUARDED_AVAILABILITY = YES_AGGRESSIVE;
				CLANG_WARN_UNREACHABLE_CODE = YES;
				CLANG_WARN__DUPLICATE_METHOD_MATCH = YES;
				COPY_PHASE_STRIP = NO;
				DEBUG_INFORMATION_FORMAT = dwarf;
				ENABLE_STRICT_OBJC_MSGSEND = YES;
				ENABLE_TESTABILITY = YES;
				GCC_C_LANGUAGE_STANDARD = gnu11;
				GCC_DYNAMIC_NO_PIC = NO;
				GCC_NO_COMMON_BLOCKS = YES;
				GCC_OPTIMIZATION_LEVEL = 0;
				GCC_PREPROCESSOR_DEFINITIONS = (
					"DEBUG=1",
					"$(inherited)",
				);
				GCC_WARN_64_TO_32_BIT_CONVERSION = YES;
				GCC_WARN_ABOUT_RETURN_TYPE = YES_ERROR;
				GCC_WARN_UNDECLARED_SELECTOR = YES;
				GCC_WARN_UNINITIALIZED_AUTOS = YES_AGGRESSIVE;
				GCC_WARN_UNUSED_FUNCTION = YES;
				GCC_WARN_UNUSED_VARIABLE = YES;
				IPHONEOS_DEPLOYMENT_TARGET = 14.5;
				MTL_ENABLE_DEBUG_INFO = INCLUDE_SOURCE;
				MTL_FAST_MATH = YES;
				ONLY_ACTIVE_ARCH = YES;
				SDKROOT = iphoneos;
				SWIFT_ACTIVE_COMPILATION_CONDITIONS = DEBUG;
				SWIFT_OPTIMIZATION_LEVEL = "-Onone";
			};
			name = Debug;
		};
		6DB8CB792685E37D0084DC78 /* Release */ = {
			isa = XCBuildConfiguration;
			buildSettings = {
				ALWAYS_SEARCH_USER_PATHS = NO;
				CLANG_ANALYZER_NONNULL = YES;
				CLANG_ANALYZER_NUMBER_OBJECT_CONVERSION = YES_AGGRESSIVE;
				CLANG_CXX_LANGUAGE_STANDARD = "gnu++14";
				CLANG_CXX_LIBRARY = "libc++";
				CLANG_ENABLE_MODULES = YES;
				CLANG_ENABLE_OBJC_ARC = YES;
				CLANG_ENABLE_OBJC_WEAK = YES;
				CLANG_WARN_BLOCK_CAPTURE_AUTORELEASING = YES;
				CLANG_WARN_BOOL_CONVERSION = YES;
				CLANG_WARN_COMMA = YES;
				CLANG_WARN_CONSTANT_CONVERSION = YES;
				CLANG_WARN_DEPRECATED_OBJC_IMPLEMENTATIONS = YES;
				CLANG_WARN_DIRECT_OBJC_ISA_USAGE = YES_ERROR;
				CLANG_WARN_DOCUMENTATION_COMMENTS = YES;
				CLANG_WARN_EMPTY_BODY = YES;
				CLANG_WARN_ENUM_CONVERSION = YES;
				CLANG_WARN_INFINITE_RECURSION = YES;
				CLANG_WARN_INT_CONVERSION = YES;
				CLANG_WARN_NON_LITERAL_NULL_CONVERSION = YES;
				CLANG_WARN_OBJC_IMPLICIT_RETAIN_SELF = YES;
				CLANG_WARN_OBJC_LITERAL_CONVERSION = YES;
				CLANG_WARN_OBJC_ROOT_CLASS = YES_ERROR;
				CLANG_WARN_QUOTED_INCLUDE_IN_FRAMEWORK_HEADER = YES;
				CLANG_WARN_RANGE_LOOP_ANALYSIS = YES;
				CLANG_WARN_STRICT_PROTOTYPES = YES;
				CLANG_WARN_SUSPICIOUS_MOVE = YES;
				CLANG_WARN_UNGUARDED_AVAILABILITY = YES_AGGRESSIVE;
				CLANG_WARN_UNREACHABLE_CODE = YES;
				CLANG_WARN__DUPLICATE_METHOD_MATCH = YES;
				COPY_PHASE_STRIP = NO;
				DEBUG_INFORMATION_FORMAT = "dwarf-with-dsym";
				ENABLE_NS_ASSERTIONS = NO;
				ENABLE_STRICT_OBJC_MSGSEND = YES;
				GCC_C_LANGUAGE_STANDARD = gnu11;
				GCC_NO_COMMON_BLOCKS = YES;
				GCC_WARN_64_TO_32_BIT_CONVERSION = YES;
				GCC_WARN_ABOUT_RETURN_TYPE = YES_ERROR;
				GCC_WARN_UNDECLARED_SELECTOR = YES;
				GCC_WARN_UNINITIALIZED_AUTOS = YES_AGGRESSIVE;
				GCC_WARN_UNUSED_FUNCTION = YES;
				GCC_WARN_UNUSED_VARIABLE = YES;
				IPHONEOS_DEPLOYMENT_TARGET = 14.5;
				MTL_ENABLE_DEBUG_INFO = NO;
				MTL_FAST_MATH = YES;
				SDKROOT = iphoneos;
				SWIFT_COMPILATION_MODE = wholemodule;
				SWIFT_OPTIMIZATION_LEVEL = "-O";
				VALIDATE_PRODUCT = YES;
			};
			name = Release;
		};
		6DB8CB7B2685E37D0084DC78 /* Debug */ = {
			isa = XCBuildConfiguration;
			baseConfigurationReference = 90443C3FCF571DD89673F144 /* Pods-MarvelAPI.debug.xcconfig */;
			buildSettings = {
				ASSETCATALOG_COMPILER_APPICON_NAME = AppIcon;
				ASSETCATALOG_COMPILER_GLOBAL_ACCENT_COLOR_NAME = AccentColor;
				CODE_SIGN_STYLE = Automatic;
				DEVELOPMENT_TEAM = 98552BXM3C;
				INFOPLIST_FILE = MarvelAPI/Info.plist;
				LD_RUNPATH_SEARCH_PATHS = (
					"$(inherited)",
					"@executable_path/Frameworks",
				);
				PRODUCT_BUNDLE_IDENTIFIER = com.raphaelcarletti.MarvelAPI;
				PRODUCT_NAME = "$(TARGET_NAME)";
				SWIFT_VERSION = 5.0;
				TARGETED_DEVICE_FAMILY = "1,2";
			};
			name = Debug;
		};
		6DB8CB7C2685E37D0084DC78 /* Release */ = {
			isa = XCBuildConfiguration;
			baseConfigurationReference = BC8BF7DEF4F13AC4C415FB08 /* Pods-MarvelAPI.release.xcconfig */;
			buildSettings = {
				ASSETCATALOG_COMPILER_APPICON_NAME = AppIcon;
				ASSETCATALOG_COMPILER_GLOBAL_ACCENT_COLOR_NAME = AccentColor;
				CODE_SIGN_STYLE = Automatic;
				DEVELOPMENT_TEAM = 98552BXM3C;
				INFOPLIST_FILE = MarvelAPI/Info.plist;
				LD_RUNPATH_SEARCH_PATHS = (
					"$(inherited)",
					"@executable_path/Frameworks",
				);
				PRODUCT_BUNDLE_IDENTIFIER = com.raphaelcarletti.MarvelAPI;
				PRODUCT_NAME = "$(TARGET_NAME)";
				SWIFT_VERSION = 5.0;
				TARGETED_DEVICE_FAMILY = "1,2";
			};
			name = Release;
		};
		6DB8CB7E2685E37D0084DC78 /* Debug */ = {
			isa = XCBuildConfiguration;
			baseConfigurationReference = D6D1F6774F47A8D4DCB14EE6 /* Pods-MarvelAPITests.debug.xcconfig */;
			buildSettings = {
				ALWAYS_EMBED_SWIFT_STANDARD_LIBRARIES = YES;
				BUNDLE_LOADER = "$(TEST_HOST)";
				CODE_SIGN_STYLE = Automatic;
				DEVELOPMENT_TEAM = 98552BXM3C;
				INFOPLIST_FILE = MarvelAPITests/Info.plist;
				IPHONEOS_DEPLOYMENT_TARGET = 14.5;
				LD_RUNPATH_SEARCH_PATHS = (
					"$(inherited)",
					"@executable_path/Frameworks",
					"@loader_path/Frameworks",
				);
				PRODUCT_BUNDLE_IDENTIFIER = com.raphaelcarletti.MarvelAPITests;
				PRODUCT_NAME = "$(TARGET_NAME)";
				SWIFT_VERSION = 5.0;
				TARGETED_DEVICE_FAMILY = "1,2";
				TEST_HOST = "$(BUILT_PRODUCTS_DIR)/MarvelAPI.app/MarvelAPI";
			};
			name = Debug;
		};
		6DB8CB7F2685E37D0084DC78 /* Release */ = {
			isa = XCBuildConfiguration;
			baseConfigurationReference = BD42ABF769A920F96CF738C3 /* Pods-MarvelAPITests.release.xcconfig */;
			buildSettings = {
				ALWAYS_EMBED_SWIFT_STANDARD_LIBRARIES = YES;
				BUNDLE_LOADER = "$(TEST_HOST)";
				CODE_SIGN_STYLE = Automatic;
				DEVELOPMENT_TEAM = 98552BXM3C;
				INFOPLIST_FILE = MarvelAPITests/Info.plist;
				IPHONEOS_DEPLOYMENT_TARGET = 14.5;
				LD_RUNPATH_SEARCH_PATHS = (
					"$(inherited)",
					"@executable_path/Frameworks",
					"@loader_path/Frameworks",
				);
				PRODUCT_BUNDLE_IDENTIFIER = com.raphaelcarletti.MarvelAPITests;
				PRODUCT_NAME = "$(TARGET_NAME)";
				SWIFT_VERSION = 5.0;
				TARGETED_DEVICE_FAMILY = "1,2";
				TEST_HOST = "$(BUILT_PRODUCTS_DIR)/MarvelAPI.app/MarvelAPI";
			};
			name = Release;
		};
		6DB8CB812685E37D0084DC78 /* Debug */ = {
			isa = XCBuildConfiguration;
			baseConfigurationReference = D699B9BDE03F5FC383AD3E99 /* Pods-MarvelAPI-MarvelAPIUITests.debug.xcconfig */;
			buildSettings = {
				ALWAYS_EMBED_SWIFT_STANDARD_LIBRARIES = YES;
				CODE_SIGN_STYLE = Automatic;
				DEVELOPMENT_TEAM = 98552BXM3C;
				INFOPLIST_FILE = MarvelAPIUITests/Info.plist;
				LD_RUNPATH_SEARCH_PATHS = (
					"$(inherited)",
					"@executable_path/Frameworks",
					"@loader_path/Frameworks",
				);
				PRODUCT_BUNDLE_IDENTIFIER = com.raphaelcarletti.MarvelAPIUITests;
				PRODUCT_NAME = "$(TARGET_NAME)";
				SWIFT_VERSION = 5.0;
				TARGETED_DEVICE_FAMILY = "1,2";
				TEST_TARGET_NAME = MarvelAPI;
			};
			name = Debug;
		};
		6DB8CB822685E37D0084DC78 /* Release */ = {
			isa = XCBuildConfiguration;
			baseConfigurationReference = 5689E8C395E9D18937FB8AFC /* Pods-MarvelAPI-MarvelAPIUITests.release.xcconfig */;
			buildSettings = {
				ALWAYS_EMBED_SWIFT_STANDARD_LIBRARIES = YES;
				CODE_SIGN_STYLE = Automatic;
				DEVELOPMENT_TEAM = 98552BXM3C;
				INFOPLIST_FILE = MarvelAPIUITests/Info.plist;
				LD_RUNPATH_SEARCH_PATHS = (
					"$(inherited)",
					"@executable_path/Frameworks",
					"@loader_path/Frameworks",
				);
				PRODUCT_BUNDLE_IDENTIFIER = com.raphaelcarletti.MarvelAPIUITests;
				PRODUCT_NAME = "$(TARGET_NAME)";
				SWIFT_VERSION = 5.0;
				TARGETED_DEVICE_FAMILY = "1,2";
				TEST_TARGET_NAME = MarvelAPI;
			};
			name = Release;
		};
/* End XCBuildConfiguration section */

/* Begin XCConfigurationList section */
		6DB8CB4B2685E3790084DC78 /* Build configuration list for PBXProject "MarvelAPI" */ = {
			isa = XCConfigurationList;
			buildConfigurations = (
				6DB8CB782685E37D0084DC78 /* Debug */,
				6DB8CB792685E37D0084DC78 /* Release */,
			);
			defaultConfigurationIsVisible = 0;
			defaultConfigurationName = Release;
		};
		6DB8CB7A2685E37D0084DC78 /* Build configuration list for PBXNativeTarget "MarvelAPI" */ = {
			isa = XCConfigurationList;
			buildConfigurations = (
				6DB8CB7B2685E37D0084DC78 /* Debug */,
				6DB8CB7C2685E37D0084DC78 /* Release */,
			);
			defaultConfigurationIsVisible = 0;
			defaultConfigurationName = Release;
		};
		6DB8CB7D2685E37D0084DC78 /* Build configuration list for PBXNativeTarget "MarvelAPITests" */ = {
			isa = XCConfigurationList;
			buildConfigurations = (
				6DB8CB7E2685E37D0084DC78 /* Debug */,
				6DB8CB7F2685E37D0084DC78 /* Release */,
			);
			defaultConfigurationIsVisible = 0;
			defaultConfigurationName = Release;
		};
		6DB8CB802685E37D0084DC78 /* Build configuration list for PBXNativeTarget "MarvelAPIUITests" */ = {
			isa = XCConfigurationList;
			buildConfigurations = (
				6DB8CB812685E37D0084DC78 /* Debug */,
				6DB8CB822685E37D0084DC78 /* Release */,
			);
			defaultConfigurationIsVisible = 0;
			defaultConfigurationName = Release;
		};
/* End XCConfigurationList section */
	};
	rootObject = 6DB8CB482685E3790084DC78 /* Project object */;
}
